
Microsoft Visual Studio Solution File, Format Version 12.00
# Visual Studio Version 17
VisualStudioVersion = 17.5.33627.172
MinimumVisualStudioVersion = 10.0.40219.1
Project("{FAE04EC0-301F-11D3-BF4B-00C04F79EFBC}") = "WorkMonitorServer", "WorkMonitorServer\WorkMonitorServer.csproj", "{F9400253-B22E-4518-A2A5-73A9124E71D7}"
EndProject
Global
	GlobalSection(SolutionConfigurationPlatforms) = preSolution
		Debug|Any CPU = Debug|Any CPU
		Release|Any CPU = Release|Any CPU
	EndGlobalSection
	GlobalSection(ProjectConfigurationPlatforms) = postSolution
		{F9400253-B22E-4518-A2A5-73A9124E71D7}.Debug|Any CPU.ActiveCfg = Debug|Any CPU
		{F9400253-B22E-4518-A2A5-73A9124E71D7}.Debug|Any CPU.Build.0 = Debug|Any CPU
		{F9400253-B22E-4518-A2A5-73A9124E71D7}.Release|Any CPU.ActiveCfg = Release|Any CPU
		{F9400253-B22E-4518-A2A5-73A9124E71D7}.Release|Any CPU.Build.0 = Release|Any CPU
	EndGlobalSection
	GlobalSection(SolutionProperties) = preSolution
		HideSolutionNode = FALSE
	EndGlobalSection
	GlobalSection(ExtensibilityGlobals) = postSolution
		SolutionGuid = {D2A61B86-3C30-4E4F-958F-1570D40F38C9}
	EndGlobalSection
EndGlobal
